
Microsoft Visual Studio Solution File, Format Version 12.00
# Visual Studio Version 17
VisualStudioVersion = 17.11.35222.181
MinimumVisualStudioVersion = 10.0.40219.1
Project("{8BC9CEB8-8B4A-11D0-8D11-00A0C91BC942}") = "TwoSumInBST", "TwoSumInBST\TwoSumInBST.vcxproj", "{44C752BF-DA20-485E-B91F-DE27A96558F7}"
EndProject
Global
	GlobalSection(SolutionConfigurationPlatforms) = preSolution
		Debug|x64 = Debug|x64
		Debug|x86 = Debug|x86
		Release|x64 = Release|x64
		Release|x86 = Release|x86
	EndGlobalSection
	GlobalSection(ProjectConfigurationPlatforms) = postSolution
		{44C752BF-DA20-485E-B91F-DE27A96558F7}.Debug|x64.ActiveCfg = Debug|x64
		{44C752BF-DA20-485E-B91F-DE27A96558F7}.Debug|x64.Build.0 = Debug|x64
		{44C752BF-DA20-485E-B91F-DE27A96558F7}.Debug|x86.ActiveCfg = Debug|Win32
		{44C752BF-DA20-485E-B91F-DE27A96558F7}.Debug|x86.Build.0 = Debug|Win32
		{44C752BF-DA20-485E-B91F-DE27A96558F7}.Release|x64.ActiveCfg = Release|x64
		{44C752BF-DA20-485E-B91F-DE27A96558F7}.Release|x64.Build.0 = Release|x64
		{44C752BF-DA20-485E-B91F-DE27A96558F7}.Release|x86.ActiveCfg = Release|Win32
		{44C752BF-DA20-485E-B91F-DE27A96558F7}.Release|x86.Build.0 = Release|Win32
	EndGlobalSection
	GlobalSection(SolutionProperties) = preSolution
		HideSolutionNode = FALSE
	EndGlobalSection
	GlobalSection(ExtensibilityGlobals) = postSolution
		SolutionGuid = {9448BF8C-5E6F-42A2-8338-AA23E3D9EF67}
	EndGlobalSection
EndGlobal
